
Microsoft Visual Studio Solution File, Format Version 12.00
# Visual Studio Version 16
VisualStudioVersion = 16.0.31702.278
MinimumVisualStudioVersion = 10.0.40219.1
Project("{FAE04EC0-301F-11D3-BF4B-00C04F79EFBC}") = "ödev2", "ödev2\ödev2.csproj", "{988E24FB-27D8-4C80-B838-D199BB14C668}"
EndProject
Global
	GlobalSection(SolutionConfigurationPlatforms) = preSolution
		Debug|Any CPU = Debug|Any CPU
		Release|Any CPU = Release|Any CPU
	EndGlobalSection
	GlobalSection(ProjectConfigurationPlatforms) = postSolution
		{988E24FB-27D8-4C80-B838-D199BB14C668}.Debug|Any CPU.ActiveCfg = Debug|Any CPU
		{988E24FB-27D8-4C80-B838-D199BB14C668}.Debug|Any CPU.Build.0 = Debug|Any CPU
		{988E24FB-27D8-4C80-B838-D199BB14C668}.Release|Any CPU.ActiveCfg = Release|Any CPU
		{988E24FB-27D8-4C80-B838-D199BB14C668}.Release|Any CPU.Build.0 = Release|Any CPU
	EndGlobalSection
	GlobalSection(SolutionProperties) = preSolution
		HideSolutionNode = FALSE
	EndGlobalSection
	GlobalSection(ExtensibilityGlobals) = postSolution
		SolutionGuid = {4FFE1321-6634-4C80-8AB0-D1D84924D111}
	EndGlobalSection
EndGlobal
